
Microsoft Visual Studio Solution File, Format Version 12.00
Project("{F2A71F9B-5D33-465A-A702-920D77279786}") = "Baggie", "Baggie\Baggie.fsproj", "{57F97454-1E7F-46D6-BECB-2646C16BCCD8}"
EndProject
Project("{F2A71F9B-5D33-465A-A702-920D77279786}") = "Baggie.Test", "Baggie.Test\Baggie.Test.fsproj", "{89566B6F-40C2-4BB6-8AE0-4A6ED9014433}"
EndProject
Global
	GlobalSection(SolutionConfigurationPlatforms) = preSolution
		Debug|Any CPU = Debug|Any CPU
		Release|Any CPU = Release|Any CPU
	EndGlobalSection
	GlobalSection(ProjectConfigurationPlatforms) = postSolution
		{57F97454-1E7F-46D6-BECB-2646C16BCCD8}.Debug|Any CPU.ActiveCfg = Debug|Any CPU
		{57F97454-1E7F-46D6-BECB-2646C16BCCD8}.Debug|Any CPU.Build.0 = Debug|Any CPU
		{57F97454-1E7F-46D6-BECB-2646C16BCCD8}.Release|Any CPU.ActiveCfg = Release|Any CPU
		{57F97454-1E7F-46D6-BECB-2646C16BCCD8}.Release|Any CPU.Build.0 = Release|Any CPU
		{89566B6F-40C2-4BB6-8AE0-4A6ED9014433}.Debug|Any CPU.ActiveCfg = Debug|Any CPU
		{89566B6F-40C2-4BB6-8AE0-4A6ED9014433}.Debug|Any CPU.Build.0 = Debug|Any CPU
		{89566B6F-40C2-4BB6-8AE0-4A6ED9014433}.Release|Any CPU.ActiveCfg = Release|Any CPU
		{89566B6F-40C2-4BB6-8AE0-4A6ED9014433}.Release|Any CPU.Build.0 = Release|Any CPU
	EndGlobalSection
EndGlobal
